
Microsoft Visual Studio Solution File, Format Version 12.00
# Visual Studio Version 16
VisualStudioVersion = 16.0.29911.84
MinimumVisualStudioVersion = 10.0.40219.1
Project("{FAE04EC0-301F-11D3-BF4B-00C04F79EFBC}") = "AvaloniaHelloWorld", "AvaloniaHelloWorld\AvaloniaHelloWorld.csproj", "{C9E5B761-0337-4F6F-99A0-05A54B08AF42}"
EndProject
Global
	GlobalSection(SolutionConfigurationPlatforms) = preSolution
		Debug|Any CPU = Debug|Any CPU
		Release|Any CPU = Release|Any CPU
	EndGlobalSection
	GlobalSection(ProjectConfigurationPlatforms) = postSolution
		{C9E5B761-0337-4F6F-99A0-05A54B08AF42}.Debug|Any CPU.ActiveCfg = Debug|Any CPU
		{C9E5B761-0337-4F6F-99A0-05A54B08AF42}.Debug|Any CPU.Build.0 = Debug|Any CPU
		{C9E5B761-0337-4F6F-99A0-05A54B08AF42}.Release|Any CPU.ActiveCfg = Release|Any CPU
		{C9E5B761-0337-4F6F-99A0-05A54B08AF42}.Release|Any CPU.Build.0 = Release|Any CPU
	EndGlobalSection
	GlobalSection(SolutionProperties) = preSolution
		HideSolutionNode = FALSE
	EndGlobalSection
	GlobalSection(ExtensibilityGlobals) = postSolution
		SolutionGuid = {CE8CAB55-0A71-4ED8-AA1E-C9F5B275DC44}
	EndGlobalSection
EndGlobal
